
Microsoft Visual Studio Solution File, Format Version 12.00
# Visual Studio Version 16
VisualStudioVersion = 16.0.30011.22
MinimumVisualStudioVersion = 10.0.40219.1
Project("{FAE04EC0-301F-11D3-BF4B-00C04F79EFBC}") = "Snake2", "Snake2\Snake2.csproj", "{B5D20ADC-8DA0-4AC3-85BD-9CEE256BB344}"
EndProject
Global
	GlobalSection(SolutionConfigurationPlatforms) = preSolution
		Debug|Any CPU = Debug|Any CPU
		Release|Any CPU = Release|Any CPU
	EndGlobalSection
	GlobalSection(ProjectConfigurationPlatforms) = postSolution
		{B5D20ADC-8DA0-4AC3-85BD-9CEE256BB344}.Debug|Any CPU.ActiveCfg = Debug|Any CPU
		{B5D20ADC-8DA0-4AC3-85BD-9CEE256BB344}.Debug|Any CPU.Build.0 = Debug|Any CPU
		{B5D20ADC-8DA0-4AC3-85BD-9CEE256BB344}.Release|Any CPU.ActiveCfg = Release|Any CPU
		{B5D20ADC-8DA0-4AC3-85BD-9CEE256BB344}.Release|Any CPU.Build.0 = Release|Any CPU
	EndGlobalSection
	GlobalSection(SolutionProperties) = preSolution
		HideSolutionNode = FALSE
	EndGlobalSection
	GlobalSection(ExtensibilityGlobals) = postSolution
		SolutionGuid = {CA042CB1-01E8-4D0D-81D7-52C8A669D547}
	EndGlobalSection
EndGlobal
